
Microsoft Visual Studio Solution File, Format Version 12.00
# Visual Studio Version 16
VisualStudioVersion = 16.0.30804.86
MinimumVisualStudioVersion = 10.0.40219.1
Project("{8BC9CEB8-8B4A-11D0-8D11-00A0C91BC942}") = "FSOptimizations", "FSOptimizations.vcxproj", "{D1B70853-79C1-4759-BC55-CB8D9C677D5B}"
EndProject
Global
	GlobalSection(SolutionConfigurationPlatforms) = preSolution
		Debug|x64 = Debug|x64
		Debug|x86 = Debug|x86
		Release|x64 = Release|x64
		Release|x86 = Release|x86
	EndGlobalSection
	GlobalSection(ProjectConfigurationPlatforms) = postSolution
		{D1B70853-79C1-4759-BC55-CB8D9C677D5B}.Debug|x64.ActiveCfg = Debug|x64
		{D1B70853-79C1-4759-BC55-CB8D9C677D5B}.Debug|x64.Build.0 = Debug|x64
		{D1B70853-79C1-4759-BC55-CB8D9C677D5B}.Debug|x86.ActiveCfg = Debug|Win32
		{D1B70853-79C1-4759-BC55-CB8D9C677D5B}.Debug|x86.Build.0 = Debug|Win32
		{D1B70853-79C1-4759-BC55-CB8D9C677D5B}.Release|x64.ActiveCfg = Release|x64
		{D1B70853-79C1-4759-BC55-CB8D9C677D5B}.Release|x64.Build.0 = Release|x64
		{D1B70853-79C1-4759-BC55-CB8D9C677D5B}.Release|x86.ActiveCfg = Release|Win32
		{D1B70853-79C1-4759-BC55-CB8D9C677D5B}.Release|x86.Build.0 = Release|Win32
	EndGlobalSection
	GlobalSection(SolutionProperties) = preSolution
		HideSolutionNode = FALSE
	EndGlobalSection
	GlobalSection(ExtensibilityGlobals) = postSolution
		SolutionGuid = {2B432787-8B47-4650-A132-9B454D6E33CB}
	EndGlobalSection
EndGlobal
